
Microsoft Visual Studio Solution File, Format Version 12.00
# Visual Studio 15
VisualStudioVersion = 15.0.27130.2024
MinimumVisualStudioVersion = 10.0.40219.1
Project("{159641D6-6404-4A2A-AE62-294DE0FE8301}") = "SnowFlake Replication", "SnowFlake Replication.dtproj", "{C32CF30A-A003-4D0D-BC36-CAF5ED821118}"
EndProject
Global
	GlobalSection(SolutionConfigurationPlatforms) = preSolution
		Development|Default = Development|Default
	EndGlobalSection
	GlobalSection(ProjectConfigurationPlatforms) = postSolution
		{C32CF30A-A003-4D0D-BC36-CAF5ED821118}.Development|Default.ActiveCfg = Development
		{C32CF30A-A003-4D0D-BC36-CAF5ED821118}.Development|Default.Build.0 = Development
	EndGlobalSection
	GlobalSection(SolutionProperties) = preSolution
		HideSolutionNode = FALSE
	EndGlobalSection
	GlobalSection(ExtensibilityGlobals) = postSolution
		SolutionGuid = {77669EDD-D32C-4552-8434-93C3EAF29C89}
	EndGlobalSection
	GlobalSection(TeamFoundationVersionControl) = preSolution
		SccNumberOfProjects = 2
		SccEnterpriseProvider = {4CA58AB2-18FA-4F8D-95D4-32DDF27D184C}
		SccTeamFoundationServer = http://tfs:8080/tfs/mitchellprojects
		SccLocalPath0 = .
		SccProjectUniqueName1 = SnowFlake\u0020Replication.dtproj
		SccLocalPath1 = .
	EndGlobalSection
EndGlobal
